{
  "name": "gantt-planner",
  "version": "1.0.0",
  "lockfileVersion": 2,
  "requires": true,
  "packages": {
    "": {
      "name": "gantt-planner",
      "version": "1.0.0",
      "dependencies": {
        "chart.js": "^4.4.0",
        "file-saver": "^2.0.5",
        "html2canvas": "^1.4.1",
        "react": "^18.2.0",
        "react-chartjs-2": "^5.2.0",
        "react-dom": "^18.2.0",
        "react-hotkeys-hook": "^4.5.0",
        "react-router-dom": "^6.8.0"
      },
      "devDependencies": {
        "@types/react": "^18.2.0",
        "@types/react-dom": "^18.2.0",
        "gh-pages": "^6.1.0",
        "react-scripts": "5.0.1",
        "tailwindcss": "^3.3.0",
        "typescript": "4.9.5"
      }
    },
    "node_modules/@alloc/quick-lru": {
      "version": "5.2.0",
      "dev": true,
      "license": "MIT",
      "engines": {
        "node": ">=10"
      },
      "funding": {
        "url": "https://github.com/sponsors/sindresorhus"
      }
    },
    "node_modules/@types/react": {
      "version": "18.2.0",
      "dev": true,
      "license": "MIT",
      "dependencies": {
        "@types/prop-types": "*",
        "@types/scheduler": "*",
        "csstype": "^3.0.2"
      }
    },
    "node_modules/@types/react-dom": {
      "version": "18.2.0",
      "dev": true,
      "license": "MIT",
      "dependencies": {
        "@types/react": "*"
      }
    },
    "node_modules/chart.js": {
      "version": "4.4.0",
      "license": "MIT",
      "engines": {
        "node": ">=12"
      }
    },
    "node_modules/file-saver": {
      "version": "2.0.5",
      "license": "MIT"
    },
    "node_modules/html2canvas": {
      "version": "1.4.1",
      "license": "MIT",
      "dependencies": {
        "css-line-break": "^2.1.0",
        "text-segmentation": "^1.0.3"
      }
    },
    "node_modules/react": {
      "version": "18.2.0",
      "license": "MIT",
      "dependencies": {
        "loose-envify": "^1.1.0"
      },
      "engines": {
        "node": ">=0.10.0"
      }
    },
    "node_modules/react-chartjs-2": {
      "version": "5.2.0",
      "license": "MIT",
      "peerDependencies": {
        "chart.js": "^4.1.1",
        "react": "^16.8.0 || ^17.0.0 || ^18.0.0"
      }
    },
    "node_modules/react-dom": {
      "version": "18.2.0",
      "license": "MIT",
      "dependencies": {
        "loose-envify": "^1.1.0",
        "scheduler": "^0.23.0"
      },
      "peerDependencies": {
        "react": "^18.2.0"
      }
    },
    "node_modules/react-hotkeys-hook": {
      "version": "4.5.0",
      "license": "MIT",
      "peerDependencies": {
        "react": ">=16.8",
        "react-dom": ">=16.8"
      }
    },
    "node_modules/react-router-dom": {
      "version": "6.8.0",
      "license": "MIT",
      "dependencies": {
        "@remix-run/router": "1.3.0",
        "react-router": "6.8.0"
      },
      "engines": {
        "node": ">=14"
      },
      "peerDependencies": {
        "react": ">=16.8",
        "react-dom": ">=16.8"
      }
    },
    "node_modules/react-scripts": {
      "version": "5.0.1",
      "dev": true,
      "license": "MIT",
      "dependencies": {
        "@babel/core": "^7.16.0",
        "webpack": "^5.64.4"
      },
      "bin": {
        "react-scripts": "bin/react-scripts.js"
      },
      "engines": {
        "node": ">=14.0.0"
      },
      "optionalDependencies": {
        "typescript": "^3.2.1 || ^4"
      },
      "peerDependencies": {
        "typescript": "^3.2.1 || ^4"
      },
      "peerDependenciesMeta": {
        "typescript": {
          "optional": true
        }
      }
    },
    "node_modules/tailwindcss": {
      "version": "3.3.0",
      "dev": true,
      "license": "MIT",
      "bin": {
        "tailwind": "lib/cli.js",
        "tailwindcss": "lib/cli.js"
      },
      "engines": {
        "node": ">=12.13.0"
      }
    },
    "node_modules/typescript": {
      "version": "4.9.5",
      "dev": true,
      "license": "Apache-2.0",
      "bin": {
        "tsc": "bin/tsc",
        "tsserver": "bin/tsserver"
      },
      "engines": {
        "node": ">=4.2.0"
      }
    }
  },
  "dependencies": {
    "@alloc/quick-lru": {
      "version": "5.2.0",
      "dev": true
    },
    "@types/react": {
      "version": "18.2.0",
      "dev": true,
      "requires": {
        "@types/prop-types": "*",
        "@types/scheduler": "*",
        "csstype": "^3.0.2"
      }
    },
    "@types/react-dom": {
      "version": "18.2.0",
      "dev": true,
      "requires": {
        "@types/react": "*"
      }
    },
    "chart.js": {
      "version": "4.4.0"
    },
    "file-saver": {
      "version": "2.0.5"
    },
    "html2canvas": {
      "version": "1.4.1",
      "requires": {
        "css-line-break": "^2.1.0",
        "text-segmentation": "^1.0.3"
      }
    },
    "react": {
      "version": "18.2.0",
      "requires": {
        "loose-envify": "^1.1.0"
      }
    },
    "react-chartjs-2": {
      "version": "5.2.0",
      "requires": {}
    },
    "react-dom": {
      "version": "18.2.0",
      "requires": {
        "loose-envify": "^1.1.0",
        "scheduler": "^0.23.0"
      }
    },
    "react-hotkeys-hook": {
      "version": "4.5.0"
    },
    "react-router-dom": {
      "version": "6.8.0",
      "requires": {
        "@remix-run/router": "1.3.0",
        "react-router": "6.8.0"
      }
    },
    "react-scripts": {
      "version": "5.0.1",
      "dev": true,
      "requires": {
        "@babel/core": "^7.16.0",
        "webpack": "^5.64.4"
      }
    },
    "tailwindcss": {
      "version": "3.3.0",
      "dev": true
    },
    "typescript": {
      "version": "4.9.5",
      "dev": true
    }
  }
}
